// !$*UTF8*$!
{
	archiveVersion = 1;
	classes = {
	};
	objectVersion = 51;
	objects = {

/* Begin PBXBuildFile section */
		5E02AC5C2573477E00D4CE0B /* EditFoodViewController.swift in Sources */ = {isa = PBXBuildFile; fileRef = 5E02AC5B2573477E00D4CE0B /* EditFoodViewController.swift */; };
		5ECAFA9A257334C50055672E /* AppDelegate.swift in Sources */ = {isa = PBXBuildFile; fileRef = 5ECAFA99257334C50055672E /* AppDelegate.swift */; };
		5ECAFA9C257334C50055672E /* SceneDelegate.swift in Sources */ = {isa = PBXBuildFile; fileRef = 5ECAFA9B257334C50055672E /* SceneDelegate.swift */; };
		5ECAFA9E257334C50055672E /* ViewController.swift in Sources */ = {isa = PBXBuildFile; fileRef = 5ECAFA9D257334C50055672E /* ViewController.swift */; };
		5ECAFAA1257334C50055672E /* Main.storyboard in Resources */ = {isa = PBXBuildFile; fileRef = 5ECAFA9F257334C50055672E /* Main.storyboard */; };
		5ECAFAA3257334C80055672E /* Assets.xcassets in Resources */ = {isa = PBXBuildFile; fileRef = 5ECAFAA2257334C80055672E /* Assets.xcassets */; };
		5ECAFAA6257334C80055672E /* LaunchScreen.storyboard in Resources */ = {isa = PBXBuildFile; fileRef = 5ECAFAA4257334C80055672E /* LaunchScreen.storyboard */; };
		5ECAFAB1257334C90055672E /* GomoManagerTests.swift in Sources */ = {isa = PBXBuildFile; fileRef = 5ECAFAB0257334C90055672E /* GomoManagerTests.swift */; };
		5ECAFABC257334C90055672E /* GomoManagerUITests.swift in Sources */ = {isa = PBXBuildFile; fileRef = 5ECAFABB257334C90055672E /* GomoManagerUITests.swift */; };
		5ECAFAF2257338DE0055672E /* TabBarController.swift in Sources */ = {isa = PBXBuildFile; fileRef = 5ECAFAF1257338DE0055672E /* TabBarController.swift */; };
		5ECAFAFD2573392F0055672E /* BaseCLCell.swift in Sources */ = {isa = PBXBuildFile; fileRef = 5ECAFAFC2573392F0055672E /* BaseCLCell.swift */; };
		5ECAFB05257339490055672E /* BaseTBCell.swift in Sources */ = {isa = PBXBuildFile; fileRef = 5ECAFB04257339490055672E /* BaseTBCell.swift */; };
		5ECAFB0B2573397A0055672E /* Defined.swift in Sources */ = {isa = PBXBuildFile; fileRef = 5ECAFB0A2573397A0055672E /* Defined.swift */; };
		5ECAFB13257339920055672E /* Food.swift in Sources */ = {isa = PBXBuildFile; fileRef = 5ECAFB12257339920055672E /* Food.swift */; };
		5ECAFB18257339A30055672E /* Bill.swift in Sources */ = {isa = PBXBuildFile; fileRef = 5ECAFB17257339A30055672E /* Bill.swift */; };
		5ECAFB1D257339B40055672E /* Employees.swift in Sources */ = {isa = PBXBuildFile; fileRef = 5ECAFB1C257339B40055672E /* Employees.swift */; };
		5ECAFB22257339D00055672E /* Account.swift in Sources */ = {isa = PBXBuildFile; fileRef = 5ECAFB21257339D00055672E /* Account.swift */; };
		5ECAFB27257339E60055672E /* GoogleService-Info.plist in Resources */ = {isa = PBXBuildFile; fileRef = 5ECAFB26257339E60055672E /* GoogleService-Info.plist */; };
		5ECAFB2C25733A170055672E /* BillViewController.swift in Sources */ = {isa = PBXBuildFile; fileRef = 5ECAFB2B25733A170055672E /* BillViewController.swift */; };
		5ECAFB3125733A400055672E /* DetailBillViewController.swift in Sources */ = {isa = PBXBuildFile; fileRef = 5ECAFB3025733A400055672E /* DetailBillViewController.swift */; };
		5ECAFB3725733A920055672E /* StatisticalViewController.swift in Sources */ = {isa = PBXBuildFile; fileRef = 5ECAFB3625733A920055672E /* StatisticalViewController.swift */; };
		5ECAFB3D25733ACE0055672E /* AddMenuViewController.swift in Sources */ = {isa = PBXBuildFile; fileRef = 5ECAFB3C25733ACE0055672E /* AddMenuViewController.swift */; };
		5ECAFB4525733AE60055672E /* DetailFoodViewController.swift in Sources */ = {isa = PBXBuildFile; fileRef = 5ECAFB4425733AE60055672E /* DetailFoodViewController.swift */; };
		5ECAFB4B25733B270055672E /* LoginViewController.swift in Sources */ = {isa = PBXBuildFile; fileRef = 5ECAFB4A25733B270055672E /* LoginViewController.swift */; };
		5ECAFB5525733B7D0055672E /* setUpTableViewController.swift in Sources */ = {isa = PBXBuildFile; fileRef = 5ECAFB5425733B7D0055672E /* setUpTableViewController.swift */; };
		5ECAFB5E25733BA50055672E /* EmployeesViewController.swift in Sources */ = {isa = PBXBuildFile; fileRef = 5ECAFB5D25733BA50055672E /* EmployeesViewController.swift */; };
		5ECAFB6625733BC10055672E /* AddEmployeesViewController.swift in Sources */ = {isa = PBXBuildFile; fileRef = 5ECAFB6525733BC10055672E /* AddEmployeesViewController.swift */; };
		5ECAFB6B25733BEC0055672E /* AdminViewController.swift in Sources */ = {isa = PBXBuildFile; fileRef = 5ECAFB6A25733BEC0055672E /* AdminViewController.swift */; };
		5ECAFB7225733C1D0055672E /* AdminCell.swift in Sources */ = {isa = PBXBuildFile; fileRef = 5ECAFB7025733C1D0055672E /* AdminCell.swift */; };
		5ECAFB7325733C1D0055672E /* AdminCell.xib in Resources */ = {isa = PBXBuildFile; fileRef = 5ECAFB7125733C1D0055672E /* AdminCell.xib */; };
		5ECAFB7925733C5E0055672E /* EmployeesCell.swift in Sources */ = {isa = PBXBuildFile; fileRef = 5ECAFB7725733C5E0055672E /* EmployeesCell.swift */; };
		5ECAFB7A25733C5E0055672E /* EmployeesCell.xib in Resources */ = {isa = PBXBuildFile; fileRef = 5ECAFB7825733C5E0055672E /* EmployeesCell.xib */; };
		5ECAFB8025733CA60055672E /* BillCell.swift in Sources */ = {isa = PBXBuildFile; fileRef = 5ECAFB7E25733CA60055672E /* BillCell.swift */; };
		5ECAFB8125733CA60055672E /* BillCell.xib in Resources */ = {isa = PBXBuildFile; fileRef = 5ECAFB7F25733CA60055672E /* BillCell.xib */; };
		5ECAFB8825733D510055672E /* MenuCell.swift in Sources */ = {isa = PBXBuildFile; fileRef = 5ECAFB8625733D510055672E /* MenuCell.swift */; };
		5ECAFB8925733D510055672E /* MenuCell.xib in Resources */ = {isa = PBXBuildFile; fileRef = 5ECAFB8725733D510055672E /* MenuCell.xib */; };
		5EE4EF01257561D500E04369 /* Table.swift in Sources */ = {isa = PBXBuildFile; fileRef = 5EE4EF00257561D500E04369 /* Table.swift */; };
		FF39EC25C7CCC634C77EDEF3 /* Pods_GomoManager.framework in Frameworks */ = {isa = PBXBuildFile; fileRef = D4DA176368D6F3F6914BF2EB /* Pods_GomoManager.framework */; };
/* End PBXBuildFile section */

/* Begin PBXContainerItemProxy section */
		5ECAFAAD257334C90055672E /* PBXContainerItemProxy */ = {
			isa = PBXContainerItemProxy;
			containerPortal = 5ECAFA8E257334C50055672E /* Project object */;
			proxyType = 1;
			remoteGlobalIDString = 5ECAFA95257334C50055672E;
			remoteInfo = GomoManager;
		};
		5ECAFAB8257334C90055672E /* PBXContainerItemProxy */ = {
			isa = PBXContainerItemProxy;
			containerPortal = 5ECAFA8E257334C50055672E /* Project object */;
			proxyType = 1;
			remoteGlobalIDString = 5ECAFA95257334C50055672E;
			remoteInfo = GomoManager;
		};
/* End PBXContainerItemProxy section */

/* Begin PBXFileReference section */
		5E02AC5B2573477E00D4CE0B /* EditFoodViewController.swift */ = {isa = PBXFileReference; lastKnownFileType = sourcecode.swift; path = EditFoodViewController.swift; sourceTree = "<group>"; };
		5ECAFA96257334C50055672E /* GomoManager.app */ = {isa = PBXFileReference; explicitFileType = wrapper.application; includeInIndex = 0; path = GomoManager.app; sourceTree = BUILT_PRODUCTS_DIR; };
		5ECAFA99257334C50055672E /* AppDelegate.swift */ = {isa = PBXFileReference; lastKnownFileType = sourcecode.swift; path = AppDelegate.swift; sourceTree = "<group>"; };
		5ECAFA9B257334C50055672E /* SceneDelegate.swift */ = {isa = PBXFileReference; lastKnownFileType = sourcecode.swift; path = SceneDelegate.swift; sourceTree = "<group>"; };
		5ECAFA9D257334C50055672E /* ViewController.swift */ = {isa = PBXFileReference; lastKnownFileType = sourcecode.swift; path = ViewController.swift; sourceTree = "<group>"; };
		5ECAFAA0257334C50055672E /* Base */ = {isa = PBXFileReference; lastKnownFileType = file.storyboard; name = Base; path = Base.lproj/Main.storyboard; sourceTree = "<group>"; };
		5ECAFAA2257334C80055672E /* Assets.xcassets */ = {isa = PBXFileReference; lastKnownFileType = folder.assetcatalog; path = Assets.xcassets; sourceTree = "<group>"; };
		5ECAFAA5257334C80055672E /* Base */ = {isa = PBXFileReference; lastKnownFileType = file.storyboard; name = Base; path = Base.lproj/LaunchScreen.storyboard; sourceTree = "<group>"; };
		5ECAFAA7257334C80055672E /* Info.plist */ = {isa = PBXFileReference; lastKnownFileType = text.plist.xml; path = Info.plist; sourceTree = "<group>"; };
		5ECAFAAC257334C90055672E /* GomoManagerTests.xctest */ = {isa = PBXFileReference; explicitFileType = wrapper.cfbundle; includeInIndex = 0; path = GomoManagerTests.xctest; sourceTree = BUILT_PRODUCTS_DIR; };
		5ECAFAB0257334C90055672E /* GomoManagerTests.swift */ = {isa = PBXFileReference; lastKnownFileType = sourcecode.swift; path = GomoManagerTests.swift; sourceTree = "<group>"; };
		5ECAFAB2257334C90055672E /* Info.plist */ = {isa = PBXFileReference; lastKnownFileType = text.plist.xml; path = Info.plist; sourceTree = "<group>"; };
		5ECAFAB7257334C90055672E /* GomoManagerUITests.xctest */ = {isa = PBXFileReference; explicitFileType = wrapper.cfbundle; includeInIndex = 0; path = GomoManagerUITests.xctest; sourceTree = BUILT_PRODUCTS_DIR; };
		5ECAFABB257334C90055672E /* GomoManagerUITests.swift */ = {isa = PBXFileReference; lastKnownFileType = sourcecode.swift; path = GomoManagerUITests.swift; sourceTree = "<group>"; };
		5ECAFABD257334C90055672E /* Info.plist */ = {isa = PBXFileReference; lastKnownFileType = text.plist.xml; path = Info.plist; sourceTree = "<group>"; };
		5ECAFAF1257338DE0055672E /* TabBarController.swift */ = {isa = PBXFileReference; lastKnownFileType = sourcecode.swift; path = TabBarController.swift; sourceTree = "<group>"; };
		5ECAFAFC2573392F0055672E /* BaseCLCell.swift */ = {isa = PBXFileReference; lastKnownFileType = sourcecode.swift; path = BaseCLCell.swift; sourceTree = "<group>"; };
		5ECAFB04257339490055672E /* BaseTBCell.swift */ = {isa = PBXFileReference; lastKnownFileType = sourcecode.swift; path = BaseTBCell.swift; sourceTree = "<group>"; };
		5ECAFB0A2573397A0055672E /* Defined.swift */ = {isa = PBXFileReference; lastKnownFileType = sourcecode.swift; path = Defined.swift; sourceTree = "<group>"; };
		5ECAFB12257339920055672E /* Food.swift */ = {isa = PBXFileReference; lastKnownFileType = sourcecode.swift; path = Food.swift; sourceTree = "<group>"; };
		5ECAFB17257339A30055672E /* Bill.swift */ = {isa = PBXFileReference; lastKnownFileType = sourcecode.swift; path = Bill.swift; sourceTree = "<group>"; };
		5ECAFB1C257339B40055672E /* Employees.swift */ = {isa = PBXFileReference; lastKnownFileType = sourcecode.swift; path = Employees.swift; sourceTree = "<group>"; };
		5ECAFB21257339D00055672E /* Account.swift */ = {isa = PBXFileReference; lastKnownFileType = sourcecode.swift; path = Account.swift; sourceTree = "<group>"; };
		5ECAFB26257339E60055672E /* GoogleService-Info.plist */ = {isa = PBXFileReference; fileEncoding = 4; lastKnownFileType = text.plist.xml; path = "GoogleService-Info.plist"; sourceTree = "<group>"; };
		5ECAFB2B25733A170055672E /* BillViewController.swift */ = {isa = PBXFileReference; lastKnownFileType = sourcecode.swift; path = BillViewController.swift; sourceTree = "<group>"; };
		5ECAFB3025733A400055672E /* DetailBillViewController.swift */ = {isa = PBXFileReference; lastKnownFileType = sourcecode.swift; path = DetailBillViewController.swift; sourceTree = "<group>"; };
		5ECAFB3625733A920055672E /* StatisticalViewController.swift */ = {isa = PBXFileReference; lastKnownFileType = sourcecode.swift; path = StatisticalViewController.swift; sourceTree = "<group>"; };
		5ECAFB3C25733ACE0055672E /* AddMenuViewController.swift */ = {isa = PBXFileReference; lastKnownFileType = sourcecode.swift; path = AddMenuViewController.swift; sourceTree = "<group>"; };
		5ECAFB4425733AE60055672E /* DetailFoodViewController.swift */ = {isa = PBXFileReference; lastKnownFileType = sourcecode.swift; path = DetailFoodViewController.swift; sourceTree = "<group>"; };
		5ECAFB4A25733B270055672E /* LoginViewController.swift */ = {isa = PBXFileReference; lastKnownFileType = sourcecode.swift; path = LoginViewController.swift; sourceTree = "<group>"; };
		5ECAFB5425733B7D0055672E /* setUpTableViewController.swift */ = {isa = PBXFileReference; lastKnownFileType = sourcecode.swift; path = setUpTableViewController.swift; sourceTree = "<group>"; };
		5ECAFB5D25733BA50055672E /* EmployeesViewController.swift */ = {isa = PBXFileReference; lastKnownFileType = sourcecode.swift; path = EmployeesViewController.swift; sourceTree = "<group>"; };
		5ECAFB6525733BC10055672E /* AddEmployeesViewController.swift */ = {isa = PBXFileReference; lastKnownFileType = sourcecode.swift; path = AddEmployeesViewController.swift; sourceTree = "<group>"; };
		5ECAFB6A25733BEC0055672E /* AdminViewController.swift */ = {isa = PBXFileReference; lastKnownFileType = sourcecode.swift; path = AdminViewController.swift; sourceTree = "<group>"; };
		5ECAFB7025733C1D0055672E /* AdminCell.swift */ = {isa = PBXFileReference; lastKnownFileType = sourcecode.swift; path = AdminCell.swift; sourceTree = "<group>"; };
		5ECAFB7125733C1D0055672E /* AdminCell.xib */ = {isa = PBXFileReference; lastKnownFileType = file.xib; path = AdminCell.xib; sourceTree = "<group>"; };
		5ECAFB7725733C5E0055672E /* EmployeesCell.swift */ = {isa = PBXFileReference; lastKnownFileType = sourcecode.swift; path = EmployeesCell.swift; sourceTree = "<group>"; };
		5ECAFB7825733C5E0055672E /* EmployeesCell.xib */ = {isa = PBXFileReference; lastKnownFileType = file.xib; path = EmployeesCell.xib; sourceTree = "<group>"; };
		5ECAFB7E25733CA60055672E /* BillCell.swift */ = {isa = PBXFileReference; lastKnownFileType = sourcecode.swift; path = BillCell.swift; sourceTree = "<group>"; };
		5ECAFB7F25733CA60055672E /* BillCell.xib */ = {isa = PBXFileReference; lastKnownFileType = file.xib; path = BillCell.xib; sourceTree = "<group>"; };
		5ECAFB8625733D510055672E /* MenuCell.swift */ = {isa = PBXFileReference; lastKnownFileType = sourcecode.swift; path = MenuCell.swift; sourceTree = "<group>"; };
		5ECAFB8725733D510055672E /* MenuCell.xib */ = {isa = PBXFileReference; lastKnownFileType = file.xib; path = MenuCell.xib; sourceTree = "<group>"; };
		5EE4EF00257561D500E04369 /* Table.swift */ = {isa = PBXFileReference; lastKnownFileType = sourcecode.swift; path = Table.swift; sourceTree = "<group>"; };
		9ECB50927A215826654E9EB6 /* Pods-GomoManager.debug.xcconfig */ = {isa = PBXFileReference; includeInIndex = 1; lastKnownFileType = text.xcconfig; name = "Pods-GomoManager.debug.xcconfig"; path = "Target Support Files/Pods-GomoManager/Pods-GomoManager.debug.xcconfig"; sourceTree = "<group>"; };
		C63C3506A8960D0FD37C8CD3 /* Pods-GomoManager.release.xcconfig */ = {isa = PBXFileReference; includeInIndex = 1; lastKnownFileType = text.xcconfig; name = "Pods-GomoManager.release.xcconfig"; path = "Target Support Files/Pods-GomoManager/Pods-GomoManager.release.xcconfig"; sourceTree = "<group>"; };
		D4DA176368D6F3F6914BF2EB /* Pods_GomoManager.framework */ = {isa = PBXFileReference; explicitFileType = wrapper.framework; includeInIndex = 0; path = Pods_GomoManager.framework; sourceTree = BUILT_PRODUCTS_DIR; };
/* End PBXFileReference section */

/* Begin PBXFrameworksBuildPhase section */
		5ECAFA93257334C50055672E /* Frameworks */ = {
			isa = PBXFrameworksBuildPhase;
			buildActionMask = 2147483647;
			files = (
				FF39EC25C7CCC634C77EDEF3 /* Pods_GomoManager.framework in Frameworks */,
			);
			runOnlyForDeploymentPostprocessing = 0;
		};
		5ECAFAA9257334C90055672E /* Frameworks */ = {
			isa = PBXFrameworksBuildPhase;
			buildActionMask = 2147483647;
			files = (
			);
			runOnlyForDeploymentPostprocessing = 0;
		};
		5ECAFAB4257334C90055672E /* Frameworks */ = {
			isa = PBXFrameworksBuildPhase;
			buildActionMask = 2147483647;
			files = (
			);
			runOnlyForDeploymentPostprocessing = 0;
		};
/* End PBXFrameworksBuildPhase section */

/* Begin PBXGroup section */
		53429C8E8BBF9367E73DAC72 /* Frameworks */ = {
			isa = PBXGroup;
			children = (
				D4DA176368D6F3F6914BF2EB /* Pods_GomoManager.framework */,
			);
			name = Frameworks;
			sourceTree = "<group>";
		};
		5ECAFA8D257334C50055672E = {
			isa = PBXGroup;
			children = (
				5ECAFA98257334C50055672E /* GomoManager */,
				5ECAFAAF257334C90055672E /* GomoManagerTests */,
				5ECAFABA257334C90055672E /* GomoManagerUITests */,
				5ECAFA97257334C50055672E /* Products */,
				BFC3358A2CC7AF495702403E /* Pods */,
				53429C8E8BBF9367E73DAC72 /* Frameworks */,
			);
			sourceTree = "<group>";
		};
		5ECAFA97257334C50055672E /* Products */ = {
			isa = PBXGroup;
			children = (
				5ECAFA96257334C50055672E /* GomoManager.app */,
				5ECAFAAC257334C90055672E /* GomoManagerTests.xctest */,
				5ECAFAB7257334C90055672E /* GomoManagerUITests.xctest */,
			);
			name = Products;
			sourceTree = "<group>";
		};
		5ECAFA98257334C50055672E /* GomoManager */ = {
			isa = PBXGroup;
			children = (
				5ECAFB5225733B440055672E /* Admin */,
				5ECAFB4925733AFE0055672E /* Login */,
				5ECAFB3B25733AA50055672E /* Menu */,
				5ECAFB3525733A7B0055672E /* Statistical */,
				5ECAFB092573395B0055672E /* DataModel */,
				5ECAFAFB257339130055672E /* Base */,
				5ECAFAF9257338F40055672E /* Bill */,
				5ECAFAEF257338A00055672E /* Support */,
				5ECAFAE82573381B0055672E /* Storyboard */,
				5ECAFAA2257334C80055672E /* Assets.xcassets */,
				5ECAFAA7257334C80055672E /* Info.plist */,
				5ECAFB26257339E60055672E /* GoogleService-Info.plist */,
			);
			path = GomoManager;
			sourceTree = "<group>";
		};
		5ECAFAAF257334C90055672E /* GomoManagerTests */ = {
			isa = PBXGroup;
			children = (
				5ECAFAB0257334C90055672E /* GomoManagerTests.swift */,
				5ECAFAB2257334C90055672E /* Info.plist */,
			);
			path = GomoManagerTests;
			sourceTree = "<group>";
		};
		5ECAFABA257334C90055672E /* GomoManagerUITests */ = {
			isa = PBXGroup;
			children = (
				5ECAFABB257334C90055672E /* GomoManagerUITests.swift */,
				5ECAFABD257334C90055672E /* Info.plist */,
			);
			path = GomoManagerUITests;
			sourceTree = "<group>";
		};
		5ECAFAE82573381B0055672E /* Storyboard */ = {
			isa = PBXGroup;
			children = (
				5ECAFAA4257334C80055672E /* LaunchScreen.storyboard */,
				5ECAFA9F257334C50055672E /* Main.storyboard */,
			);
			path = Storyboard;
			sourceTree = "<group>";
		};
		5ECAFAEF257338A00055672E /* Support */ = {
			isa = PBXGroup;
			children = (
				5ECAFA9B257334C50055672E /* SceneDelegate.swift */,
				5ECAFA99257334C50055672E /* AppDelegate.swift */,
				5ECAFAF1257338DE0055672E /* TabBarController.swift */,
			);
			path = Support;
			sourceTree = "<group>";
		};
		5ECAFAF9257338F40055672E /* Bill */ = {
			isa = PBXGroup;
			children = (
				5ECAFAFA257338FA0055672E /* Views */,
				5ECAFB2B25733A170055672E /* BillViewController.swift */,
				5ECAFB3025733A400055672E /* DetailBillViewController.swift */,
			);
			path = Bill;
			sourceTree = "<group>";
		};
		5ECAFAFA257338FA0055672E /* Views */ = {
			isa = PBXGroup;
			children = (
				5ECAFB7E25733CA60055672E /* BillCell.swift */,
				5ECAFB7F25733CA60055672E /* BillCell.xib */,
			);
			path = Views;
			sourceTree = "<group>";
		};
		5ECAFAFB257339130055672E /* Base */ = {
			isa = PBXGroup;
			children = (
				5ECAFAFC2573392F0055672E /* BaseCLCell.swift */,
				5ECAFB04257339490055672E /* BaseTBCell.swift */,
			);
			path = Base;
			sourceTree = "<group>";
		};
		5ECAFB092573395B0055672E /* DataModel */ = {
			isa = PBXGroup;
			children = (
				5ECAFB0A2573397A0055672E /* Defined.swift */,
				5ECAFB12257339920055672E /* Food.swift */,
				5ECAFB17257339A30055672E /* Bill.swift */,
				5ECAFB1C257339B40055672E /* Employees.swift */,
				5ECAFB21257339D00055672E /* Account.swift */,
				5EE4EF00257561D500E04369 /* Table.swift */,
			);
			path = DataModel;
			sourceTree = "<group>";
		};
		5ECAFB3525733A7B0055672E /* Statistical */ = {
			isa = PBXGroup;
			children = (
				5ECAFB3625733A920055672E /* StatisticalViewController.swift */,
			);
			path = Statistical;
			sourceTree = "<group>";
		};
		5ECAFB3B25733AA50055672E /* Menu */ = {
			isa = PBXGroup;
			children = (
				5ECAFB8525733D280055672E /* Views */,
				5ECAFA9D257334C50055672E /* ViewController.swift */,
				5ECAFB3C25733ACE0055672E /* AddMenuViewController.swift */,
				5ECAFB4425733AE60055672E /* DetailFoodViewController.swift */,
				5E02AC5B2573477E00D4CE0B /* EditFoodViewController.swift */,
			);
			path = Menu;
			sourceTree = "<group>";
		};
		5ECAFB4925733AFE0055672E /* Login */ = {
			isa = PBXGroup;
			children = (
				5ECAFB4A25733B270055672E /* LoginViewController.swift */,
			);
			path = Login;
			sourceTree = "<group>";
		};
		5ECAFB5225733B440055672E /* Admin */ = {
			isa = PBXGroup;
			children = (
				5ECAFB6F25733BF90055672E /* Views */,
				5ECAFB5C25733B920055672E /* Employees */,
				5ECAFB5325733B580055672E /* SetUpNumberTable */,
				5ECAFB6A25733BEC0055672E /* AdminViewController.swift */,
			);
			path = Admin;
			sourceTree = "<group>";
		};
		5ECAFB5325733B580055672E /* SetUpNumberTable */ = {
			isa = PBXGroup;
			children = (
				5ECAFB5425733B7D0055672E /* setUpTableViewController.swift */,
			);
			path = SetUpNumberTable;
			sourceTree = "<group>";
		};
		5ECAFB5C25733B920055672E /* Employees */ = {
			isa = PBXGroup;
			children = (
				5ECAFB5D25733BA50055672E /* EmployeesViewController.swift */,
				5ECAFB6525733BC10055672E /* AddEmployeesViewController.swift */,
			);
			path = Employees;
			sourceTree = "<group>";
		};
		5ECAFB6F25733BF90055672E /* Views */ = {
			isa = PBXGroup;
			children = (
				5ECAFB7025733C1D0055672E /* AdminCell.swift */,
				5ECAFB7125733C1D0055672E /* AdminCell.xib */,
				5ECAFB7725733C5E0055672E /* EmployeesCell.swift */,
				5ECAFB7825733C5E0055672E /* EmployeesCell.xib */,
			);
			path = Views;
			sourceTree = "<group>";
		};
		5ECAFB8525733D280055672E /* Views */ = {
			isa = PBXGroup;
			children = (
				5ECAFB8625733D510055672E /* MenuCell.swift */,
				5ECAFB8725733D510055672E /* MenuCell.xib */,
			);
			path = Views;
			sourceTree = "<group>";
		};
		BFC3358A2CC7AF495702403E /* Pods */ = {
			isa = PBXGroup;
			children = (
				9ECB50927A215826654E9EB6 /* Pods-GomoManager.debug.xcconfig */,
				C63C3506A8960D0FD37C8CD3 /* Pods-GomoManager.release.xcconfig */,
			);
			path = Pods;
			sourceTree = "<group>";
		};
/* End PBXGroup section */

/* Begin PBXNativeTarget section */
		5ECAFA95257334C50055672E /* GomoManager */ = {
			isa = PBXNativeTarget;
			buildConfigurationList = 5ECAFAC0257334C90055672E /* Build configuration list for PBXNativeTarget "GomoManager" */;
			buildPhases = (
				6736AFC0EFA525CD5BFE6715 /* [CP] Check Pods Manifest.lock */,
				5ECAFA92257334C50055672E /* Sources */,
				5ECAFA93257334C50055672E /* Frameworks */,
				5ECAFA94257334C50055672E /* Resources */,
				B9E5D6D48BDA499FB4FB6188 /* [CP] Embed Pods Frameworks */,
				0019625B6BBEF5AC684507EE /* [CP] Copy Pods Resources */,
			);
			buildRules = (
			);
			dependencies = (
			);
			name = GomoManager;
			productName = GomoManager;
			productReference = 5ECAFA96257334C50055672E /* GomoManager.app */;
			productType = "com.apple.product-type.application";
		};
		5ECAFAAB257334C90055672E /* GomoManagerTests */ = {
			isa = PBXNativeTarget;
			buildConfigurationList = 5ECAFAC3257334C90055672E /* Build configuration list for PBXNativeTarget "GomoManagerTests" */;
			buildPhases = (
				5ECAFAA8257334C90055672E /* Sources */,
				5ECAFAA9257334C90055672E /* Frameworks */,
				5ECAFAAA257334C90055672E /* Resources */,
			);
			buildRules = (
			);
			dependencies = (
				5ECAFAAE257334C90055672E /* PBXTargetDependency */,
			);
			name = GomoManagerTests;
			productName = GomoManagerTests;
			productReference = 5ECAFAAC257334C90055672E /* GomoManagerTests.xctest */;
			productType = "com.apple.product-type.bundle.unit-test";
		};
		5ECAFAB6257334C90055672E /* GomoManagerUITests */ = {
			isa = PBXNativeTarget;
			buildConfigurationList = 5ECAFAC6257334C90055672E /* Build configuration list for PBXNativeTarget "GomoManagerUITests" */;
			buildPhases = (
				5ECAFAB3257334C90055672E /* Sources */,
				5ECAFAB4257334C90055672E /* Frameworks */,
				5ECAFAB5257334C90055672E /* Resources */,
			);
			buildRules = (
			);
			dependencies = (
				5ECAFAB9257334C90055672E /* PBXTargetDependency */,
			);
			name = GomoManagerUITests;
			productName = GomoManagerUITests;
			productReference = 5ECAFAB7257334C90055672E /* GomoManagerUITests.xctest */;
			productType = "com.apple.product-type.bundle.ui-testing";
		};
/* End PBXNativeTarget section */

/* Begin PBXProject section */
		5ECAFA8E257334C50055672E /* Project object */ = {
			isa = PBXProject;
			attributes = {
				LastSwiftUpdateCheck = 1200;
				LastUpgradeCheck = 1200;
				TargetAttributes = {
					5ECAFA95257334C50055672E = {
						CreatedOnToolsVersion = 12.0.1;
					};
					5ECAFAAB257334C90055672E = {
						CreatedOnToolsVersion = 12.0.1;
						TestTargetID = 5ECAFA95257334C50055672E;
					};
					5ECAFAB6257334C90055672E = {
						CreatedOnToolsVersion = 12.0.1;
						TestTargetID = 5ECAFA95257334C50055672E;
					};
				};
			};
			buildConfigurationList = 5ECAFA91257334C50055672E /* Build configuration list for PBXProject "GomoManager" */;
			compatibilityVersion = "Xcode 9.3";
			developmentRegion = en;
			hasScannedForEncodings = 0;
			knownRegions = (
				en,
				Base,
			);
			mainGroup = 5ECAFA8D257334C50055672E;
			productRefGroup = 5ECAFA97257334C50055672E /* Products */;
			projectDirPath = "";
			projectRoot = "";
			targets = (
				5ECAFA95257334C50055672E /* GomoManager */,
				5ECAFAAB257334C90055672E /* GomoManagerTests */,
				5ECAFAB6257334C90055672E /* GomoManagerUITests */,
			);
		};
/* End PBXProject section */

/* Begin PBXResourcesBuildPhase section */
		5ECAFA94257334C50055672E /* Resources */ = {
			isa = PBXResourcesBuildPhase;
			buildActionMask = 2147483647;
			files = (
				5ECAFB8125733CA60055672E /* BillCell.xib in Resources */,
				5ECAFB7325733C1D0055672E /* AdminCell.xib in Resources */,
				5ECAFB8925733D510055672E /* MenuCell.xib in Resources */,
				5ECAFAA6257334C80055672E /* LaunchScreen.storyboard in Resources */,
				5ECAFB27257339E60055672E /* GoogleService-Info.plist in Resources */,
				5ECAFB7A25733C5E0055672E /* EmployeesCell.xib in Resources */,
				5ECAFAA3257334C80055672E /* Assets.xcassets in Resources */,
				5ECAFAA1257334C50055672E /* Main.storyboard in Resources */,
			);
			runOnlyForDeploymentPostprocessing = 0;
		};
		5ECAFAAA257334C90055672E /* Resources */ = {
			isa = PBXResourcesBuildPhase;
			buildActionMask = 2147483647;
			files = (
			);
			runOnlyForDeploymentPostprocessing = 0;
		};
		5ECAFAB5257334C90055672E /* Resources */ = {
			isa = PBXResourcesBuildPhase;
			buildActionMask = 2147483647;
			files = (
			);
			runOnlyForDeploymentPostprocessing = 0;
		};
/* End PBXResourcesBuildPhase section */

/* Begin PBXShellScriptBuildPhase section */
		0019625B6BBEF5AC684507EE /* [CP] Copy Pods Resources */ = {
			isa = PBXShellScriptBuildPhase;
			buildActionMask = 2147483647;
			files = (
			);
			inputFileListPaths = (
				"${PODS_ROOT}/Target Support Files/Pods-GomoManager/Pods-GomoManager-resources-${CONFIGURATION}-input-files.xcfilelist",
			);
			name = "[CP] Copy Pods Resources";
			outputFileListPaths = (
				"${PODS_ROOT}/Target Support Files/Pods-GomoManager/Pods-GomoManager-resources-${CONFIGURATION}-output-files.xcfilelist",
			);
			runOnlyForDeploymentPostprocessing = 0;
			shellPath = /bin/sh;
			shellScript = "\"${PODS_ROOT}/Target Support Files/Pods-GomoManager/Pods-GomoManager-resources.sh\"\n";
			showEnvVarsInLog = 0;
		};
		6736AFC0EFA525CD5BFE6715 /* [CP] Check Pods Manifest.lock */ = {
			isa = PBXShellScriptBuildPhase;
			buildActionMask = 2147483647;
			files = (
			);
			inputFileListPaths = (
			);
			inputPaths = (
				"${PODS_PODFILE_DIR_PATH}/Podfile.lock",
				"${PODS_ROOT}/Manifest.lock",
			);
			name = "[CP] Check Pods Manifest.lock";
			outputFileListPaths = (
			);
			outputPaths = (
				"$(DERIVED_FILE_DIR)/Pods-GomoManager-checkManifestLockResult.txt",
			);
			runOnlyForDeploymentPostprocessing = 0;
			shellPath = /bin/sh;
			shellScript = "diff \"${PODS_PODFILE_DIR_PATH}/Podfile.lock\" \"${PODS_ROOT}/Manifest.lock\" > /dev/null\nif [ $? != 0 ] ; then\n    # print error to STDERR\n    echo \"error: The sandbox is not in sync with the Podfile.lock. Run 'pod install' or update your CocoaPods installation.\" >&2\n    exit 1\nfi\n# This output is used by Xcode 'outputs' to avoid re-running this script phase.\necho \"SUCCESS\" > \"${SCRIPT_OUTPUT_FILE_0}\"\n";
			showEnvVarsInLog = 0;
		};
		B9E5D6D48BDA499FB4FB6188 /* [CP] Embed Pods Frameworks */ = {
			isa = PBXShellScriptBuildPhase;
			buildActionMask = 2147483647;
			files = (
			);
			inputFileListPaths = (
				"${PODS_ROOT}/Target Support Files/Pods-GomoManager/Pods-GomoManager-frameworks-${CONFIGURATION}-input-files.xcfilelist",
			);
			name = "[CP] Embed Pods Frameworks";
			outputFileListPaths = (
				"${PODS_ROOT}/Target Support Files/Pods-GomoManager/Pods-GomoManager-frameworks-${CONFIGURATION}-output-files.xcfilelist",
			);
			runOnlyForDeploymentPostprocessing = 0;
			shellPath = /bin/sh;
			shellScript = "\"${PODS_ROOT}/Target Support Files/Pods-GomoManager/Pods-GomoManager-frameworks.sh\"\n";
			showEnvVarsInLog = 0;
		};
/* End PBXShellScriptBuildPhase section */

/* Begin PBXSourcesBuildPhase section */
		5ECAFA92257334C50055672E /* Sources */ = {
			isa = PBXSourcesBuildPhase;
			buildActionMask = 2147483647;
			files = (
				5ECAFA9E257334C50055672E /* ViewController.swift in Sources */,
				5ECAFB22257339D00055672E /* Account.swift in Sources */,
				5ECAFB7925733C5E0055672E /* EmployeesCell.swift in Sources */,
				5ECAFAF2257338DE0055672E /* TabBarController.swift in Sources */,
				5ECAFB4525733AE60055672E /* DetailFoodViewController.swift in Sources */,
				5ECAFB6625733BC10055672E /* AddEmployeesViewController.swift in Sources */,
				5ECAFA9A257334C50055672E /* AppDelegate.swift in Sources */,
				5ECAFB0B2573397A0055672E /* Defined.swift in Sources */,
				5ECAFB2C25733A170055672E /* BillViewController.swift in Sources */,
				5ECAFAFD2573392F0055672E /* BaseCLCell.swift in Sources */,
				5ECAFB13257339920055672E /* Food.swift in Sources */,
				5ECAFB5E25733BA50055672E /* EmployeesViewController.swift in Sources */,
				5ECAFB8025733CA60055672E /* BillCell.swift in Sources */,
				5ECAFB3125733A400055672E /* DetailBillViewController.swift in Sources */,
				5ECAFB05257339490055672E /* BaseTBCell.swift in Sources */,
				5ECAFB1D257339B40055672E /* Employees.swift in Sources */,
				5ECAFB18257339A30055672E /* Bill.swift in Sources */,
				5ECAFB4B25733B270055672E /* LoginViewController.swift in Sources */,
				5ECAFB3725733A920055672E /* StatisticalViewController.swift in Sources */,
				5ECAFB7225733C1D0055672E /* AdminCell.swift in Sources */,
				5E02AC5C2573477E00D4CE0B /* EditFoodViewController.swift in Sources */,
				5EE4EF01257561D500E04369 /* Table.swift in Sources */,
				5ECAFB5525733B7D0055672E /* setUpTableViewController.swift in Sources */,
				5ECAFB8825733D510055672E /* MenuCell.swift in Sources */,
				5ECAFB6B25733BEC0055672E /* AdminViewController.swift in Sources */,
				5ECAFA9C257334C50055672E /* SceneDelegate.swift in Sources */,
				5ECAFB3D25733ACE0055672E /* AddMenuViewController.swift in Sources */,
			);
			runOnlyForDeploymentPostprocessing = 0;
		};
		5ECAFAA8257334C90055672E /* Sources */ = {
			isa = PBXSourcesBuildPhase;
			buildActionMask = 2147483647;
			files = (
				5ECAFAB1257334C90055672E /* GomoManagerTests.swift in Sources */,
			);
			runOnlyForDeploymentPostprocessing = 0;
		};
		5ECAFAB3257334C90055672E /* Sources */ = {
			isa = PBXSourcesBuildPhase;
			buildActionMask = 2147483647;
			files = (
				5ECAFABC257334C90055672E /* GomoManagerUITests.swift in Sources */,
			);
			runOnlyForDeploymentPostprocessing = 0;
		};
/* End PBXSourcesBuildPhase section */

/* Begin PBXTargetDependency section */
		5ECAFAAE257334C90055672E /* PBXTargetDependency */ = {
			isa = PBXTargetDependency;
			target = 5ECAFA95257334C50055672E /* GomoManager */;
			targetProxy = 5ECAFAAD257334C90055672E /* PBXContainerItemProxy */;
		};
		5ECAFAB9257334C90055672E /* PBXTargetDependency */ = {
			isa = PBXTargetDependency;
			target = 5ECAFA95257334C50055672E /* GomoManager */;
			targetProxy = 5ECAFAB8257334C90055672E /* PBXContainerItemProxy */;
		};
/* End PBXTargetDependency section */

/* Begin PBXVariantGroup section */
		5ECAFA9F257334C50055672E /* Main.storyboard */ = {
			isa = PBXVariantGroup;
			children = (
				5ECAFAA0257334C50055672E /* Base */,
			);
			name = Main.storyboard;
			sourceTree = "<group>";
		};
		5ECAFAA4257334C80055672E /* LaunchScreen.storyboard */ = {
			isa = PBXVariantGroup;
			children = (
				5ECAFAA5257334C80055672E /* Base */,
			);
			name = LaunchScreen.storyboard;
			sourceTree = "<group>";
		};
/* End PBXVariantGroup section */

/* Begin XCBuildConfiguration section */
		5ECAFABE257334C90055672E /* Debug */ = {
			isa = XCBuildConfiguration;
			buildSettings = {
				ALWAYS_SEARCH_USER_PATHS = NO;
				CLANG_ANALYZER_NONNULL = YES;
				CLANG_ANALYZER_NUMBER_OBJECT_CONVERSION = YES_AGGRESSIVE;
				CLANG_CXX_LANGUAGE_STANDARD = "gnu++14";
				CLANG_CXX_LIBRARY = "libc++";
				CLANG_ENABLE_MODULES = YES;
				CLANG_ENABLE_OBJC_ARC = YES;
				CLANG_ENABLE_OBJC_WEAK = YES;
				CLANG_WARN_BLOCK_CAPTURE_AUTORELEASING = YES;
				CLANG_WARN_BOOL_CONVERSION = YES;
				CLANG_WARN_COMMA = YES;
				CLANG_WARN_CONSTANT_CONVERSION = YES;
				CLANG_WARN_DEPRECATED_OBJC_IMPLEMENTATIONS = YES;
				CLANG_WARN_DIRECT_OBJC_ISA_USAGE = YES_ERROR;
				CLANG_WARN_DOCUMENTATION_COMMENTS = YES;
				CLANG_WARN_EMPTY_BODY = YES;
				CLANG_WARN_ENUM_CONVERSION = YES;
				CLANG_WARN_INFINITE_RECURSION = YES;
				CLANG_WARN_INT_CONVERSION = YES;
				CLANG_WARN_NON_LITERAL_NULL_CONVERSION = YES;
				CLANG_WARN_OBJC_IMPLICIT_RETAIN_SELF = YES;
				CLANG_WARN_OBJC_LITERAL_CONVERSION = YES;
				CLANG_WARN_OBJC_ROOT_CLASS = YES_ERROR;
				CLANG_WARN_QUOTED_INCLUDE_IN_FRAMEWORK_HEADER = YES;
				CLANG_WARN_RANGE_LOOP_ANALYSIS = YES;
				CLANG_WARN_STRICT_PROTOTYPES = YES;
				CLANG_WARN_SUSPICIOUS_MOVE = YES;
				CLANG_WARN_UNGUARDED_AVAILABILITY = YES_AGGRESSIVE;
				CLANG_WARN_UNREACHABLE_CODE = YES;
				CLANG_WARN__DUPLICATE_METHOD_MATCH = YES;
				COPY_PHASE_STRIP = NO;
				DEBUG_INFORMATION_FORMAT = dwarf;
				ENABLE_STRICT_OBJC_MSGSEND = YES;
				ENABLE_TESTABILITY = YES;
				GCC_C_LANGUAGE_STANDARD = gnu11;
				GCC_DYNAMIC_NO_PIC = NO;
				GCC_NO_COMMON_BLOCKS = YES;
				GCC_OPTIMIZATION_LEVEL = 0;
				GCC_PREPROCESSOR_DEFINITIONS = (
					"DEBUG=1",
					"$(inherited)",
				);
				GCC_WARN_64_TO_32_BIT_CONVERSION = YES;
				GCC_WARN_ABOUT_RETURN_TYPE = YES_ERROR;
				GCC_WARN_UNDECLARED_SELECTOR = YES;
				GCC_WARN_UNINITIALIZED_AUTOS = YES_AGGRESSIVE;
				GCC_WARN_UNUSED_FUNCTION = YES;
				GCC_WARN_UNUSED_VARIABLE = YES;
				IPHONEOS_DEPLOYMENT_TARGET = 14.0;
				MTL_ENABLE_DEBUG_INFO = INCLUDE_SOURCE;
				MTL_FAST_MATH = YES;
				ONLY_ACTIVE_ARCH = YES;
				SDKROOT = iphoneos;
				SWIFT_ACTIVE_COMPILATION_CONDITIONS = DEBUG;
				SWIFT_OPTIMIZATION_LEVEL = "-Onone";
			};
			name = Debug;
		};
		5ECAFABF257334C90055672E /* Release */ = {
			isa = XCBuildConfiguration;
			buildSettings = {
				ALWAYS_SEARCH_USER_PATHS = NO;
				CLANG_ANALYZER_NONNULL = YES;
				CLANG_ANALYZER_NUMBER_OBJECT_CONVERSION = YES_AGGRESSIVE;
				CLANG_CXX_LANGUAGE_STANDARD = "gnu++14";
				CLANG_CXX_LIBRARY = "libc++";
				CLANG_ENABLE_MODULES = YES;
				CLANG_ENABLE_OBJC_ARC = YES;
				CLANG_ENABLE_OBJC_WEAK = YES;
				CLANG_WARN_BLOCK_CAPTURE_AUTORELEASING = YES;
				CLANG_WARN_BOOL_CONVERSION = YES;
				CLANG_WARN_COMMA = YES;
				CLANG_WARN_CONSTANT_CONVERSION = YES;
				CLANG_WARN_DEPRECATED_OBJC_IMPLEMENTATIONS = YES;
				CLANG_WARN_DIRECT_OBJC_ISA_USAGE = YES_ERROR;
				CLANG_WARN_DOCUMENTATION_COMMENTS = YES;
				CLANG_WARN_EMPTY_BODY = YES;
				CLANG_WARN_ENUM_CONVERSION = YES;
				CLANG_WARN_INFINITE_RECURSION = YES;
				CLANG_WARN_INT_CONVERSION = YES;
				CLANG_WARN_NON_LITERAL_NULL_CONVERSION = YES;
				CLANG_WARN_OBJC_IMPLICIT_RETAIN_SELF = YES;
				CLANG_WARN_OBJC_LITERAL_CONVERSION = YES;
				CLANG_WARN_OBJC_ROOT_CLASS = YES_ERROR;
				CLANG_WARN_QUOTED_INCLUDE_IN_FRAMEWORK_HEADER = YES;
				CLANG_WARN_RANGE_LOOP_ANALYSIS = YES;
				CLANG_WARN_STRICT_PROTOTYPES = YES;
				CLANG_WARN_SUSPICIOUS_MOVE = YES;
				CLANG_WARN_UNGUARDED_AVAILABILITY = YES_AGGRESSIVE;
				CLANG_WARN_UNREACHABLE_CODE = YES;
				CLANG_WARN__DUPLICATE_METHOD_MATCH = YES;
				COPY_PHASE_STRIP = NO;
				DEBUG_INFORMATION_FORMAT = "dwarf-with-dsym";
				ENABLE_NS_ASSERTIONS = NO;
				ENABLE_STRICT_OBJC_MSGSEND = YES;
				GCC_C_LANGUAGE_STANDARD = gnu11;
				GCC_NO_COMMON_BLOCKS = YES;
				GCC_WARN_64_TO_32_BIT_CONVERSION = YES;
				GCC_WARN_ABOUT_RETURN_TYPE = YES_ERROR;
				GCC_WARN_UNDECLARED_SELECTOR = YES;
				GCC_WARN_UNINITIALIZED_AUTOS = YES_AGGRESSIVE;
				GCC_WARN_UNUSED_FUNCTION = YES;
				GCC_WARN_UNUSED_VARIABLE = YES;
				IPHONEOS_DEPLOYMENT_TARGET = 14.0;
				MTL_ENABLE_DEBUG_INFO = NO;
				MTL_FAST_MATH = YES;
				SDKROOT = iphoneos;
				SWIFT_COMPILATION_MODE = wholemodule;
				SWIFT_OPTIMIZATION_LEVEL = "-O";
				VALIDATE_PRODUCT = YES;
			};
			name = Release;
		};
		5ECAFAC1257334C90055672E /* Debug */ = {
			isa = XCBuildConfiguration;
			baseConfigurationReference = 9ECB50927A215826654E9EB6 /* Pods-GomoManager.debug.xcconfig */;
			buildSettings = {
				ASSETCATALOG_COMPILER_APPICON_NAME = AppIcon;
				ASSETCATALOG_COMPILER_GLOBAL_ACCENT_COLOR_NAME = AccentColor;
				CODE_SIGN_STYLE = Automatic;
				DEVELOPMENT_TEAM = LK52C45LY8;
				INFOPLIST_FILE = GomoManager/Info.plist;
				LD_RUNPATH_SEARCH_PATHS = (
					"$(inherited)",
					"@executable_path/Frameworks",
				);
				PRODUCT_BUNDLE_IDENTIFIER = com.vtb.GomoManager;
				PRODUCT_NAME = "$(TARGET_NAME)";
				SWIFT_VERSION = 5.0;
				TARGETED_DEVICE_FAMILY = "1,2";
			};
			name = Debug;
		};
		5ECAFAC2257334C90055672E /* Release */ = {
			isa = XCBuildConfiguration;
			baseConfigurationReference = C63C3506A8960D0FD37C8CD3 /* Pods-GomoManager.release.xcconfig */;
			buildSettings = {
				ASSETCATALOG_COMPILER_APPICON_NAME = AppIcon;
				ASSETCATALOG_COMPILER_GLOBAL_ACCENT_COLOR_NAME = AccentColor;
				CODE_SIGN_STYLE = Automatic;
				DEVELOPMENT_TEAM = LK52C45LY8;
				INFOPLIST_FILE = GomoManager/Info.plist;
				LD_RUNPATH_SEARCH_PATHS = (
					"$(inherited)",
					"@executable_path/Frameworks",
				);
				PRODUCT_BUNDLE_IDENTIFIER = com.vtb.GomoManager;
				PRODUCT_NAME = "$(TARGET_NAME)";
				SWIFT_VERSION = 5.0;
				TARGETED_DEVICE_FAMILY = "1,2";
			};
			name = Release;
		};
		5ECAFAC4257334C90055672E /* Debug */ = {
			isa = XCBuildConfiguration;
			buildSettings = {
				ALWAYS_EMBED_SWIFT_STANDARD_LIBRARIES = YES;
				BUNDLE_LOADER = "$(TEST_HOST)";
				CODE_SIGN_STYLE = Automatic;
				INFOPLIST_FILE = GomoManagerTests/Info.plist;
				IPHONEOS_DEPLOYMENT_TARGET = 14.0;
				LD_RUNPATH_SEARCH_PATHS = (
					"$(inherited)",
					"@executable_path/Frameworks",
					"@loader_path/Frameworks",
				);
				PRODUCT_BUNDLE_IDENTIFIER = com.vtb.GomoManagerTests;
				PRODUCT_NAME = "$(TARGET_NAME)";
				SWIFT_VERSION = 5.0;
				TARGETED_DEVICE_FAMILY = "1,2";
				TEST_HOST = "$(BUILT_PRODUCTS_DIR)/GomoManager.app/GomoManager";
			};
			name = Debug;
		};
		5ECAFAC5257334C90055672E /* Release */ = {
			isa = XCBuildConfiguration;
			buildSettings = {
				ALWAYS_EMBED_SWIFT_STANDARD_LIBRARIES = YES;
				BUNDLE_LOADER = "$(TEST_HOST)";
				CODE_SIGN_STYLE = Automatic;
				INFOPLIST_FILE = GomoManagerTests/Info.plist;
				IPHONEOS_DEPLOYMENT_TARGET = 14.0;
				LD_RUNPATH_SEARCH_PATHS = (
					"$(inherited)",
					"@executable_path/Frameworks",
					"@loader_path/Frameworks",
				);
				PRODUCT_BUNDLE_IDENTIFIER = com.vtb.GomoManagerTests;
				PRODUCT_NAME = "$(TARGET_NAME)";
				SWIFT_VERSION = 5.0;
				TARGETED_DEVICE_FAMILY = "1,2";
				TEST_HOST = "$(BUILT_PRODUCTS_DIR)/GomoManager.app/GomoManager";
			};
			name = Release;
		};
		5ECAFAC7257334C90055672E /* Debug */ = {
			isa = XCBuildConfiguration;
			buildSettings = {
				ALWAYS_EMBED_SWIFT_STANDARD_LIBRARIES = YES;
				CODE_SIGN_STYLE = Automatic;
				INFOPLIST_FILE = GomoManagerUITests/Info.plist;
				LD_RUNPATH_SEARCH_PATHS = (
					"$(inherited)",
					"@executable_path/Frameworks",
					"@loader_path/Frameworks",
				);
				PRODUCT_BUNDLE_IDENTIFIER = com.vtb.GomoManagerUITests;
				PRODUCT_NAME = "$(TARGET_NAME)";
				SWIFT_VERSION = 5.0;
				TARGETED_DEVICE_FAMILY = "1,2";
				TEST_TARGET_NAME = GomoManager;
			};
			name = Debug;
		};
		5ECAFAC8257334C90055672E /* Release */ = {
			isa = XCBuildConfiguration;
			buildSettings = {
				ALWAYS_EMBED_SWIFT_STANDARD_LIBRARIES = YES;
				CODE_SIGN_STYLE = Automatic;
				INFOPLIST_FILE = GomoManagerUITests/Info.plist;
				LD_RUNPATH_SEARCH_PATHS = (
					"$(inherited)",
					"@executable_path/Frameworks",
					"@loader_path/Frameworks",
				);
				PRODUCT_BUNDLE_IDENTIFIER = com.vtb.GomoManagerUITests;
				PRODUCT_NAME = "$(TARGET_NAME)";
				SWIFT_VERSION = 5.0;
				TARGETED_DEVICE_FAMILY = "1,2";
				TEST_TARGET_NAME = GomoManager;
			};
			name = Release;
		};
/* End XCBuildConfiguration section */

/* Begin XCConfigurationList section */
		5ECAFA91257334C50055672E /* Build configuration list for PBXProject "GomoManager" */ = {
			isa = XCConfigurationList;
			buildConfigurations = (
				5ECAFABE257334C90055672E /* Debug */,
				5ECAFABF257334C90055672E /* Release */,
			);
			defaultConfigurationIsVisible = 0;
			defaultConfigurationName = Release;
		};
		5ECAFAC0257334C90055672E /* Build configuration list for PBXNativeTarget "GomoManager" */ = {
			isa = XCConfigurationList;
			buildConfigurations = (
				5ECAFAC1257334C90055672E /* Debug */,
				5ECAFAC2257334C90055672E /* Release */,
			);
			defaultConfigurationIsVisible = 0;
			defaultConfigurationName = Release;
		};
		5ECAFAC3257334C90055672E /* Build configuration list for PBXNativeTarget "GomoManagerTests" */ = {
			isa = XCConfigurationList;
			buildConfigurations = (
				5ECAFAC4257334C90055672E /* Debug */,
				5ECAFAC5257334C90055672E /* Release */,
			);
			defaultConfigurationIsVisible = 0;
			defaultConfigurationName = Release;
		};
		5ECAFAC6257334C90055672E /* Build configuration list for PBXNativeTarget "GomoManagerUITests" */ = {
			isa = XCConfigurationList;
			buildConfigurations = (
				5ECAFAC7257334C90055672E /* Debug */,
				5ECAFAC8257334C90055672E /* Release */,
			);
			defaultConfigurationIsVisible = 0;
			defaultConfigurationName = Release;
		};
/* End XCConfigurationList section */
	};
	rootObject = 5ECAFA8E257334C50055672E /* Project object */;
}
